{
	"name": "@sanity/language-filter",
	"version": "0.134.0",
	"lockfileVersion": 1,
	"requires": true,
	"dependencies": {
		"rxjs": {
			"version": "6.3.3",
			"resolved": "https://registry.npmjs.org/rxjs/-/rxjs-6.3.3.tgz",
			"integrity": "sha512-JTWmoY9tWCs7zvIk/CvRjhjGaOd+OVBM987mxFo+OW66cGpdKjZcpmc74ES1sB//7Kl/PAe8+wEakuhG4pcgOw==",
			"requires": {
				"tslib": "^1.9.0"
			},
			"dependencies": {
				"tslib": {
					"version": "1.9.3",
					"resolved": "https://registry.npmjs.org/tslib/-/tslib-1.9.3.tgz",
					"integrity": "sha512-4krF8scpejhaOgqzBEcGM7yDIEfi0/8+8zDRZhNZZ2kjmHJ4hv3zCbQWxoJGz1iw5U0Jl0nma13xzHXcncMavQ=="
				}
			}
		}
	}
}
