lockfileVersion: '9.0'

settings:
  autoInstallPeers: true
  excludeLinksFromLockfile: false

importers:
  .:
    dependencies:
      '@sanity/client':
        specifier: ^7.10.0
        version: 7.10.0
      '@sanity/functions':
        specifier: ^1.0.3
        version: 1.0.3

packages:
  '@sanity/client@7.10.0':
    resolution:
      {
        integrity: sha512-3UV6pJupue7UAZh4g5n0lYjuRsIb4c6IoqMywVLMHYoSOeHJfgSzbexOPGMNqvF+KUywUA0GyFi9cAVeMKofvw==,
      }
    engines: {node: '>=20'}

  '@sanity/eventsource@5.0.2':
    resolution:
      {
        integrity: sha512-/B9PMkUvAlUrpRq0y+NzXgRv5lYCLxZNsBJD2WXVnqZYOfByL9oQBV7KiTaARuObp5hcQYuPfOAVjgXe3hrixA==,
      }

  '@sanity/functions@1.0.3':
    resolution:
      {
        integrity: sha512-aEDxl52oAmxinHIMwnUhy4sOGzuMH0NY+52GkEpLoK4Nw+2k45lvYIF7tqc8HxwYF9fKVyYaZ4PXOJpgeMn9/g==,
      }
    engines: {node: '>=20'}

  '@types/event-source-polyfill@1.0.5':
    resolution:
      {
        integrity: sha512-iaiDuDI2aIFft7XkcwMzDWLqo7LVDixd2sR6B4wxJut9xcp/Ev9bO4EFg4rm6S9QxATLBj5OPxdeocgmhjwKaw==,
      }

  '@types/eventsource@1.1.15':
    resolution:
      {
        integrity: sha512-XQmGcbnxUNa06HR3VBVkc9+A2Vpi9ZyLJcdS5dwaQQ/4ZMWFO+5c90FnMUpbtMZwB/FChoYHwuVg8TvkECacTA==,
      }

  '@types/follow-redirects@1.14.4':
    resolution:
      {
        integrity: sha512-GWXfsD0Jc1RWiFmMuMFCpXMzi9L7oPDVwxUnZdg89kDNnqsRfUKXEtUYtA98A6lig1WXH/CYY/fvPW9HuN5fTA==,
      }

  '@types/node@24.3.0':
    resolution:
      {
        integrity: sha512-aPTXCrfwnDLj4VvXrm+UUCQjNEvJgNA8s5F1cvwQU+3KNltTOkBm1j30uNLyqqPNe7gE3KFzImYoZEfLhp4Yow==,
      }

  decompress-response@7.0.0:
    resolution:
      {
        integrity: sha512-6IvPrADQyyPGLpMnUh6kfKiqy7SrbXbjoUuZ90WMBJKErzv2pCiwlGEXjRX9/54OnTq+XFVnkOnOMzclLI5aEA==,
      }
    engines: {node: '>=10'}

  event-source-polyfill@1.0.31:
    resolution:
      {
        integrity: sha512-4IJSItgS/41IxN5UVAVuAyczwZF7ZIEsM1XAoUzIHA6A+xzusEZUutdXz2Nr+MQPLxfTiCvqE79/C8HT8fKFvA==,
      }

  eventsource@2.0.2:
    resolution:
      {
        integrity: sha512-IzUmBGPR3+oUG9dUeXynyNmf91/3zUSJg1lCktzKw47OXuhco54U3r9B7O4XX+Rb1Itm9OZ2b0RkTs10bICOxA==,
      }
    engines: {node: '>=12.0.0'}

  follow-redirects@1.15.11:
    resolution:
      {
        integrity: sha512-deG2P0JfjrTxl50XGCDyfI97ZGVCxIpfKYmfyrQ54n5FO/0gfIES8C/Psl6kWVDolizcaaxZJnTS0QSMxvnsBQ==,
      }
    engines: {node: '>=4.0'}
    peerDependencies:
      debug: '*'
    peerDependenciesMeta:
      debug:
        optional: true

  get-it@8.6.10:
    resolution:
      {
        integrity: sha512-27StIK860ZVp2bhsG/aTWpcoA4OrFxtMqBbesa5sR23m5OxfVQYCnpm2rPQeo3gs5qsUk0FdkISLgXRJ4HynNw==,
      }
    engines: {node: '>=14.0.0'}

  inherits@2.0.4:
    resolution:
      {
        integrity: sha512-k/vGaX4/Yla3WzyMCvTQOXYeIHvqOKtnqBduzTHpzpQZzAskKMhZ2K+EnBiSM9zGSoIFeMpXKxa4dYeZIQqewQ==,
      }

  is-retry-allowed@2.2.0:
    resolution:
      {
        integrity: sha512-XVm7LOeLpTW4jV19QSH38vkswxoLud8sQ57YwJVTPWdiaI9I8keEhGFpBlslyVsgdQy4Opg8QOLb8YRgsyZiQg==,
      }
    engines: {node: '>=10'}

  mimic-response@3.1.0:
    resolution:
      {
        integrity: sha512-z0yWI+4FDrrweS8Zmt4Ej5HdJmky15+L2e6Wgn3+iK5fWzb6T3fhNFq2+MeTRb064c6Wr4N/wv0DzQTjNzHNGQ==,
      }
    engines: {node: '>=10'}

  nanoid@3.3.11:
    resolution:
      {
        integrity: sha512-N8SpfPUnUp1bK+PMYW8qSWdl9U+wwNWI4QKxOYDy9JAro3WMX7p2OeVRF9v+347pnakNevPmiHhNmZ2HbFA76w==,
      }
    engines: {node: ^10 || ^12 || ^13.7 || ^14 || >=15.0.1}
    hasBin: true

  readable-stream@3.6.2:
    resolution:
      {
        integrity: sha512-9u/sniCrY3D5WdsERHzHE4G2YCXqoG5FTHUiCC4SIbr6XcLZBY05ya9EKjYek9O5xOAwjGq+1JdGBAS7Q9ScoA==,
      }
    engines: {node: '>= 6'}

  rxjs@7.8.2:
    resolution:
      {
        integrity: sha512-dhKf903U/PQZY6boNNtAGdWbG85WAbjT/1xYoZIC7FAY0yWapOBQVsVrDl58W86//e1VpMNBtRV4MaXfdMySFA==,
      }

  safe-buffer@5.2.1:
    resolution:
      {
        integrity: sha512-rp3So07KcdmmKbGvgaNxQSJr7bGVSVk5S9Eq1F+ppbRo70+YeaDxkw5Dd8NPN+GD6bjnYm2VuPuCXmpuYvmCXQ==,
      }

  string_decoder@1.3.0:
    resolution:
      {
        integrity: sha512-hkRX8U1WjJFd8LsDJ2yQ/wWWxaopEsABU1XfkM8A+j0+85JAGppt16cr1Whg6KIbb4okU6Mql6BOj+uup/wKeA==,
      }

  through2@4.0.2:
    resolution:
      {
        integrity: sha512-iOqSav00cVxEEICeD7TjLB1sueEL+81Wpzp2bY17uZjZN0pWZPuo4suZ/61VujxmqSGFfgOcNuTZ85QJwNZQpw==,
      }

  tslib@2.8.1:
    resolution:
      {
        integrity: sha512-oJFu94HQb+KVduSUQL7wnpmqnfmLsOA/nAh6b6EH0wCEoK0/mPeXU6c3wKDV83MkOuHPRHtSXKKU99IBazS/2w==,
      }

  tunnel-agent@0.6.0:
    resolution:
      {
        integrity: sha512-McnNiV1l8RYeY8tBgEpuodCC1mLUdbSN+CYBL7kJsJNInOP8UjDDEwdk6Mw60vdLLrr5NHKZhMAOSrR2NZuQ+w==,
      }

  undici-types@7.10.0:
    resolution:
      {
        integrity: sha512-t5Fy/nfn+14LuOc2KNYg75vZqClpAiqscVvMygNnlsHBFpSXdJaYtXMcdNLpl/Qvc3P2cB3s6lOV51nqsFq4ag==,
      }

  util-deprecate@1.0.2:
    resolution:
      {
        integrity: sha512-EPD5q1uXyFxJpCrLnCc1nHnq3gOa6DZBocAIiI2TaSCA7VCJ1UJDMagCzIkXNsUYfD1daK//LTEQ8xiIbrHtcw==,
      }

snapshots:
  '@sanity/client@7.10.0':
    dependencies:
      '@sanity/eventsource': 5.0.2
      get-it: 8.6.10
      nanoid: 3.3.11
      rxjs: 7.8.2
    transitivePeerDependencies:
      - debug

  '@sanity/eventsource@5.0.2':
    dependencies:
      '@types/event-source-polyfill': 1.0.5
      '@types/eventsource': 1.1.15
      event-source-polyfill: 1.0.31
      eventsource: 2.0.2

  '@sanity/functions@1.0.3': {}

  '@types/event-source-polyfill@1.0.5': {}

  '@types/eventsource@1.1.15': {}

  '@types/follow-redirects@1.14.4':
    dependencies:
      '@types/node': 24.3.0

  '@types/node@24.3.0':
    dependencies:
      undici-types: 7.10.0

  decompress-response@7.0.0:
    dependencies:
      mimic-response: 3.1.0

  event-source-polyfill@1.0.31: {}

  eventsource@2.0.2: {}

  follow-redirects@1.15.11: {}

  get-it@8.6.10:
    dependencies:
      '@types/follow-redirects': 1.14.4
      decompress-response: 7.0.0
      follow-redirects: 1.15.11
      is-retry-allowed: 2.2.0
      through2: 4.0.2
      tunnel-agent: 0.6.0
    transitivePeerDependencies:
      - debug

  inherits@2.0.4: {}

  is-retry-allowed@2.2.0: {}

  mimic-response@3.1.0: {}

  nanoid@3.3.11: {}

  readable-stream@3.6.2:
    dependencies:
      inherits: 2.0.4
      string_decoder: 1.3.0
      util-deprecate: 1.0.2

  rxjs@7.8.2:
    dependencies:
      tslib: 2.8.1

  safe-buffer@5.2.1: {}

  string_decoder@1.3.0:
    dependencies:
      safe-buffer: 5.2.1

  through2@4.0.2:
    dependencies:
      readable-stream: 3.6.2

  tslib@2.8.1: {}

  tunnel-agent@0.6.0:
    dependencies:
      safe-buffer: 5.2.1

  undici-types@7.10.0: {}

  util-deprecate@1.0.2: {}
