{
	"name": "@sanity/base",
	"version": "0.134.0",
	"lockfileVersion": 1,
	"requires": true,
	"dependencies": {
		"react-icon-base": {
			"version": "2.1.2",
			"resolved": "https://registry.npmjs.org/react-icon-base/-/react-icon-base-2.1.2.tgz",
			"integrity": "sha512-NRlRo0RPxWRMQT7osj8UCBSSXsGOxhF1pre84ildhuft5S2U382NOs7tg29osWSjbO90L2a3VTCqadA/LnAzHQ=="
		}
	}
}
